
Microsoft Visual Studio Solution File, Format Version 12.00
# Visual Studio Version 17
VisualStudioVersion = 17.6.33712.159
MinimumVisualStudioVersion = 10.0.40219.1
Project("{FAE04EC0-301F-11D3-BF4B-00C04F79EFBC}") = "EY.TaskShare", "EY.TaskShare\EY.TaskShare.csproj", "{3DF5FA5D-F1EA-48F6-B1F4-497B25C16A3E}"
EndProject
Project("{FAE04EC0-301F-11D3-BF4B-00C04F79EFBC}") = "EY.TaskShare.Api", "EY.TaskShare.Api\EY.TaskShare.Api.csproj", "{DD757306-5D15-468E-8786-26B687209FE1}"
EndProject
Project("{FAE04EC0-301F-11D3-BF4B-00C04F79EFBC}") = "EY.TaskShare.Services", "EY.TaskShare.Services\EY.TaskShare.Services.csproj", "{4FB077E3-F8AA-4276-BB00-488D82E14F86}"
EndProject
Global
	GlobalSection(SolutionConfigurationPlatforms) = preSolution
		Debug|Any CPU = Debug|Any CPU
		Release|Any CPU = Release|Any CPU
	EndGlobalSection
	GlobalSection(ProjectConfigurationPlatforms) = postSolution
		{3DF5FA5D-F1EA-48F6-B1F4-497B25C16A3E}.Debug|Any CPU.ActiveCfg = Debug|Any CPU
		{3DF5FA5D-F1EA-48F6-B1F4-497B25C16A3E}.Debug|Any CPU.Build.0 = Debug|Any CPU
		{3DF5FA5D-F1EA-48F6-B1F4-497B25C16A3E}.Release|Any CPU.ActiveCfg = Release|Any CPU
		{3DF5FA5D-F1EA-48F6-B1F4-497B25C16A3E}.Release|Any CPU.Build.0 = Release|Any CPU
		{DD757306-5D15-468E-8786-26B687209FE1}.Debug|Any CPU.ActiveCfg = Debug|Any CPU
		{DD757306-5D15-468E-8786-26B687209FE1}.Debug|Any CPU.Build.0 = Debug|Any CPU
		{DD757306-5D15-468E-8786-26B687209FE1}.Release|Any CPU.ActiveCfg = Release|Any CPU
		{DD757306-5D15-468E-8786-26B687209FE1}.Release|Any CPU.Build.0 = Release|Any CPU
		{4FB077E3-F8AA-4276-BB00-488D82E14F86}.Debug|Any CPU.ActiveCfg = Debug|Any CPU
		{4FB077E3-F8AA-4276-BB00-488D82E14F86}.Debug|Any CPU.Build.0 = Debug|Any CPU
		{4FB077E3-F8AA-4276-BB00-488D82E14F86}.Release|Any CPU.ActiveCfg = Release|Any CPU
		{4FB077E3-F8AA-4276-BB00-488D82E14F86}.Release|Any CPU.Build.0 = Release|Any CPU
	EndGlobalSection
	GlobalSection(SolutionProperties) = preSolution
		HideSolutionNode = FALSE
	EndGlobalSection
	GlobalSection(ExtensibilityGlobals) = postSolution
		SolutionGuid = {D2AC7DE0-0EA3-4880-A73E-B25B9700D2F8}
	EndGlobalSection
EndGlobal
